
Microsoft Visual Studio Solution File, Format Version 12.00
# Visual Studio 15
VisualStudioVersion = 15.0.27130.2036
MinimumVisualStudioVersion = 10.0.40219.1
Project("{8BC9CEB8-8B4A-11D0-8D11-00A0C91BC942}") = "dmixa", "dmixa.vcxproj", "{AEB524F5-44E8-42C5-9A66-8321FC4645C5}"
EndProject
Global
	GlobalSection(SolutionConfigurationPlatforms) = preSolution
		Debug|x64 = Debug|x64
		Release|x64 = Release|x64
	EndGlobalSection
	GlobalSection(ProjectConfigurationPlatforms) = postSolution
		{AEB524F5-44E8-42C5-9A66-8321FC4645C5}.Debug|x64.ActiveCfg = Debug|x64
		{AEB524F5-44E8-42C5-9A66-8321FC4645C5}.Debug|x64.Build.0 = Debug|x64
		{AEB524F5-44E8-42C5-9A66-8321FC4645C5}.Release|x64.ActiveCfg = Release|x64
		{AEB524F5-44E8-42C5-9A66-8321FC4645C5}.Release|x64.Build.0 = Release|x64
	EndGlobalSection
	GlobalSection(SolutionProperties) = preSolution
		HideSolutionNode = FALSE
	EndGlobalSection
	GlobalSection(ExtensibilityGlobals) = postSolution
		SolutionGuid = {CC5A8206-1A67-4EBD-8CAC-3802C9765D5B}
	EndGlobalSection
EndGlobal
